PODS:
  - Braintree (3.7.2):
    - Braintree/API (= 3.7.2)
    - Braintree/Drop-In (= 3.7.2)
    - Braintree/Payments (= 3.7.2)
    - Braintree/PayPal (= 3.7.2)
    - Braintree/UI (= 3.7.2)
    - Braintree/Venmo (= 3.7.2)
  - Braintree/API (3.7.2)
  - Braintree/Drop-In (3.7.2):
    - Braintree/API
    - Braintree/Payments
    - Braintree/PayPal
    - Braintree/UI
    - Braintree/Venmo
  - Braintree/Payments (3.7.2):
    - Braintree/API
    - Braintree/PayPal
    - Braintree/Venmo
  - Braintree/PayPal (3.7.2):
    - Braintree/API
    - Braintree/UI
  - Braintree/UI (3.7.2):
    - Braintree/API
  - Braintree/Venmo (3.7.2):
    - Braintree/API
  - JSQMessagesViewController (7.0.1):
    - JSQSystemSoundPlayer (~> 2.0.1)
  - JSQSystemSoundPlayer (2.0.1)
  - XLPagerTabStrip (1.1.1)

DEPENDENCIES:
  - Braintree
  - JSQMessagesViewController
  - XLPagerTabStrip (~> 1.0)

SPEC CHECKSUMS:
  Braintree: cfbd7da2d3935811bd4cf93a1bab5864dfa32050
  JSQMessagesViewController: 03fba8a3021a3ddc1c91847f180ffe549f2e8cf2
  JSQSystemSoundPlayer: c5850e77a4363ffd374cd851154b9af93264ed8d
  XLPagerTabStrip: 222995115ef0d3a7134073b02d38023592835c17

COCOAPODS: 0.35.0
