// !$*UTF8*$!
{
	archiveVersion = 1;
	classes = {
	};
	objectVersion = 46;
	objects = {

/* Begin PBXBuildFile section */
		C24391CC1A7C425000A3AC58 /* FacebookSDK.framework in Frameworks */ = {isa = PBXBuildFile; fileRef = C24391CB1A7C425000A3AC58 /* FacebookSDK.framework */; };
		C24391CE1A7D79B800A3AC58 /* FBHelper.swift in Sources */ = {isa = PBXBuildFile; fileRef = C24391CD1A7D79B800A3AC58 /* FBHelper.swift */; };
		C24391E41A7D816800A3AC58 /* MapController.swift in Sources */ = {isa = PBXBuildFile; fileRef = C24391E31A7D816800A3AC58 /* MapController.swift */; };
		C24391FB1A7DE3FB00A3AC58 /* SessionDetialController.swift in Sources */ = {isa = PBXBuildFile; fileRef = C24391FA1A7DE3FB00A3AC58 /* SessionDetialController.swift */; };
		C24391FD1A7E2C7900A3AC58 /* Lobster 1.4.otf in Resources */ = {isa = PBXBuildFile; fileRef = C24391FC1A7E2C7900A3AC58 /* Lobster 1.4.otf */; };
		C24391FF1A7EC6CA00A3AC58 /* tutorRow.swift in Sources */ = {isa = PBXBuildFile; fileRef = C24391FE1A7EC6CA00A3AC58 /* tutorRow.swift */; };
		C243920F1A7F3A3100A3AC58 /* tutor.jpeg in Resources */ = {isa = PBXBuildFile; fileRef = C243920E1A7F3A3100A3AC58 /* tutor.jpeg */; };
		C24392111A7F430D00A3AC58 /* TutorDetails.swift in Sources */ = {isa = PBXBuildFile; fileRef = C24392101A7F430D00A3AC58 /* TutorDetails.swift */; };
		C24392131A7F485D00A3AC58 /* reviewList.swift in Sources */ = {isa = PBXBuildFile; fileRef = C24392121A7F485D00A3AC58 /* reviewList.swift */; };
		C24392151A7F516100A3AC58 /* reviewRow.swift in Sources */ = {isa = PBXBuildFile; fileRef = C24392141A7F516100A3AC58 /* reviewRow.swift */; };
		C24392171A802A1900A3AC58 /* Images.xcassets in Resources */ = {isa = PBXBuildFile; fileRef = C24392161A802A1900A3AC58 /* Images.xcassets */; };
		C243921A1A802B5E00A3AC58 /* FloatRatingView.swift in Sources */ = {isa = PBXBuildFile; fileRef = C24392191A802B5E00A3AC58 /* FloatRatingView.swift */; };
		C243921C1A802C6800A3AC58 /* StarEmpty@2x.png in Resources */ = {isa = PBXBuildFile; fileRef = C243921B1A802C6800A3AC58 /* StarEmpty@2x.png */; };
		C243921E1A802C7300A3AC58 /* StarFull@2x.png in Resources */ = {isa = PBXBuildFile; fileRef = C243921D1A802C7300A3AC58 /* StarFull@2x.png */; };
		C26646CC1A7843B0008B396C /* AppDelegate.swift in Sources */ = {isa = PBXBuildFile; fileRef = C26646CB1A7843B0008B396C /* AppDelegate.swift */; };
		C26646CE1A7843B0008B396C /* ViewController.swift in Sources */ = {isa = PBXBuildFile; fileRef = C26646CD1A7843B0008B396C /* ViewController.swift */; };
		C26646D11A7843B0008B396C /* Main.storyboard in Resources */ = {isa = PBXBuildFile; fileRef = C26646CF1A7843B0008B396C /* Main.storyboard */; };
		C26646D61A7843B0008B396C /* LaunchScreen.xib in Resources */ = {isa = PBXBuildFile; fileRef = C26646D41A7843B0008B396C /* LaunchScreen.xib */; };
		C26646E21A7843B0008B396C /* HalpTests.swift in Sources */ = {isa = PBXBuildFile; fileRef = C26646E11A7843B0008B396C /* HalpTests.swift */; };
		C26646EC1A78452E008B396C /* facebook-login.png in Resources */ = {isa = PBXBuildFile; fileRef = C26646EB1A78452E008B396C /* facebook-login.png */; };
		C26646EE1A784576008B396C /* Red-signin_Long_base_44dp.png in Resources */ = {isa = PBXBuildFile; fileRef = C26646ED1A784576008B396C /* Red-signin_Long_base_44dp.png */; };
		C26646F01A7849CA008B396C /* createController.swift in Sources */ = {isa = PBXBuildFile; fileRef = C26646EF1A7849CA008B396C /* createController.swift */; };
		C278E36F1A79E51B0006BCBD /* MapKit.framework in Frameworks */ = {isa = PBXBuildFile; fileRef = C278E36E1A79E51B0006BCBD /* MapKit.framework */; };
		C278E3761A79EFB90006BCBD /* location-alt-512.png in Resources */ = {isa = PBXBuildFile; fileRef = C278E3751A79EFB90006BCBD /* location-alt-512.png */; };
		C278E3781A79F04B0006BCBD /* student.png in Resources */ = {isa = PBXBuildFile; fileRef = C278E3771A79F04B0006BCBD /* student.png */; };
		C278E37E1A79F9AF0006BCBD /* timeline-list-grid-list-icon.png in Resources */ = {isa = PBXBuildFile; fileRef = C278E37D1A79F9AE0006BCBD /* timeline-list-grid-list-icon.png */; };
		C278E3821A79FE170006BCBD /* TutorList.swift in Sources */ = {isa = PBXBuildFile; fileRef = C278E3811A79FE170006BCBD /* TutorList.swift */; };
		C2B8E0061A79D5970093C03B /* SwiftyJSON.swift in Sources */ = {isa = PBXBuildFile; fileRef = C2B8E0051A79D5970093C03B /* SwiftyJSON.swift */; };
		C2C298911A8041BD0010C475 /* tutorProfile.swift in Sources */ = {isa = PBXBuildFile; fileRef = C2C298901A8041BD0010C475 /* tutorProfile.swift */; };
		C2C298931A80455B0010C475 /* chatController.swift in Sources */ = {isa = PBXBuildFile; fileRef = C2C298921A80455B0010C475 /* chatController.swift */; };
		C2C298971A8046A70010C475 /* LGSimpleChat.swift in Sources */ = {isa = PBXBuildFile; fileRef = C2C298961A8046A70010C475 /* LGSimpleChat.swift */; };
		C2C298991A805A490010C475 /* bump.png in Resources */ = {isa = PBXBuildFile; fileRef = C2C298981A805A490010C475 /* bump.png */; };
		C2C2989B1A805CD20010C475 /* SessionCounterController.swift in Sources */ = {isa = PBXBuildFile; fileRef = C2C2989A1A805CD20010C475 /* SessionCounterController.swift */; };
		C2C2989D1A8197FF0010C475 /* SlideMenuController.swift in Sources */ = {isa = PBXBuildFile; fileRef = C2C2989C1A8197FF0010C475 /* SlideMenuController.swift */; };
		C2C2989F1A8199CE0010C475 /* LeftViewController.swift in Sources */ = {isa = PBXBuildFile; fileRef = C2C2989E1A8199CE0010C475 /* LeftViewController.swift */; };
		C2C298A11A819A190010C475 /* BaseTableViewCell.swift in Sources */ = {isa = PBXBuildFile; fileRef = C2C298A01A819A190010C475 /* BaseTableViewCell.swift */; };
		C2C298A41A819CC80010C475 /* UITableViewExtension.swift in Sources */ = {isa = PBXBuildFile; fileRef = C2C298A21A819CC80010C475 /* UITableViewExtension.swift */; };
		C2C298A51A819CC80010C475 /* UIViewControllerExtension.swift in Sources */ = {isa = PBXBuildFile; fileRef = C2C298A31A819CC80010C475 /* UIViewControllerExtension.swift */; };
		C2C298A81A819CED0010C475 /* StringExtension.swift in Sources */ = {isa = PBXBuildFile; fileRef = C2C298A71A819CED0010C475 /* StringExtension.swift */; };
		C2C298AA1A81A4520010C475 /* optionRow.swift in Sources */ = {isa = PBXBuildFile; fileRef = C2C298A91A81A4520010C475 /* optionRow.swift */; };
		C2C298AC1A81A7320010C475 /* logout.png in Resources */ = {isa = PBXBuildFile; fileRef = C2C298AB1A81A7320010C475 /* logout.png */; };
		C2C298AE1A81A9390010C475 /* cog.png in Resources */ = {isa = PBXBuildFile; fileRef = C2C298AD1A81A9390010C475 /* cog.png */; };
		C2C298B01A81A97F0010C475 /* power-off2-hi.png in Resources */ = {isa = PBXBuildFile; fileRef = C2C298AF1A81A97F0010C475 /* power-off2-hi.png */; };
/* End PBXBuildFile section */

/* Begin PBXContainerItemProxy section */
		C26646DC1A7843B0008B396C /* PBXContainerItemProxy */ = {
			isa = PBXContainerItemProxy;
			containerPortal = C26646BE1A7843B0008B396C /* Project object */;
			proxyType = 1;
			remoteGlobalIDString = C26646C51A7843B0008B396C;
			remoteInfo = Halp;
		};
/* End PBXContainerItemProxy section */

/* Begin PBXFileReference section */
		C24391CB1A7C425000A3AC58 /* FacebookSDK.framework */ = {isa = PBXFileReference; lastKnownFileType = wrapper.framework; path = FacebookSDK.framework; sourceTree = "<group>"; };
		C24391CD1A7D79B800A3AC58 /* FBHelper.swift */ = {isa = PBXFileReference; fileEncoding = 4; lastKnownFileType = sourcecode.swift; path = FBHelper.swift; sourceTree = "<group>"; };
		C24391E31A7D816800A3AC58 /* MapController.swift */ = {isa = PBXFileReference; fileEncoding = 4; lastKnownFileType = sourcecode.swift; path = MapController.swift; sourceTree = "<group>"; };
		C24391FA1A7DE3FB00A3AC58 /* SessionDetialController.swift */ = {isa = PBXFileReference; fileEncoding = 4; lastKnownFileType = sourcecode.swift; path = SessionDetialController.swift; sourceTree = "<group>"; };
		C24391FC1A7E2C7900A3AC58 /* Lobster 1.4.otf */ = {isa = PBXFileReference; lastKnownFileType = file; path = "Lobster 1.4.otf"; sourceTree = "<group>"; };
		C24391FE1A7EC6CA00A3AC58 /* tutorRow.swift */ = {isa = PBXFileReference; fileEncoding = 4; lastKnownFileType = sourcecode.swift; path = tutorRow.swift; sourceTree = "<group>"; };
		C243920E1A7F3A3100A3AC58 /* tutor.jpeg */ = {isa = PBXFileReference; lastKnownFileType = image.jpeg; path = tutor.jpeg; sourceTree = "<group>"; };
		C24392101A7F430D00A3AC58 /* TutorDetails.swift */ = {isa = PBXFileReference; fileEncoding = 4; lastKnownFileType = sourcecode.swift; path = TutorDetails.swift; sourceTree = "<group>"; };
		C24392121A7F485D00A3AC58 /* reviewList.swift */ = {isa = PBXFileReference; fileEncoding = 4; lastKnownFileType = sourcecode.swift; path = reviewList.swift; sourceTree = "<group>"; };
		C24392141A7F516100A3AC58 /* reviewRow.swift */ = {isa = PBXFileReference; fileEncoding = 4; lastKnownFileType = sourcecode.swift; path = reviewRow.swift; sourceTree = "<group>"; };
		C24392161A802A1900A3AC58 /* Images.xcassets */ = {isa = PBXFileReference; lastKnownFileType = folder.assetcatalog; path = Images.xcassets; sourceTree = "<group>"; };
		C24392191A802B5E00A3AC58 /* FloatRatingView.swift */ = {isa = PBXFileReference; fileEncoding = 4; lastKnownFileType = sourcecode.swift; path = FloatRatingView.swift; sourceTree = "<group>"; };
		C243921B1A802C6800A3AC58 /* StarEmpty@2x.png */ = {isa = PBXFileReference; lastKnownFileType = image.png; path = "StarEmpty@2x.png"; sourceTree = "<group>"; };
		C243921D1A802C7300A3AC58 /* StarFull@2x.png */ = {isa = PBXFileReference; lastKnownFileType = image.png; path = "StarFull@2x.png"; sourceTree = "<group>"; };
		C26646C61A7843B0008B396C /* Halp.app */ = {isa = PBXFileReference; explicitFileType = wrapper.application; includeInIndex = 0; path = Halp.app; sourceTree = BUILT_PRODUCTS_DIR; };
		C26646CA1A7843B0008B396C /* Info.plist */ = {isa = PBXFileReference; lastKnownFileType = text.plist.xml; path = Info.plist; sourceTree = "<group>"; };
		C26646CB1A7843B0008B396C /* AppDelegate.swift */ = {isa = PBXFileReference; lastKnownFileType = sourcecode.swift; path = AppDelegate.swift; sourceTree = "<group>"; };
		C26646CD1A7843B0008B396C /* ViewController.swift */ = {isa = PBXFileReference; lastKnownFileType = sourcecode.swift; path = ViewController.swift; sourceTree = "<group>"; };
		C26646D01A7843B0008B396C /* Base */ = {isa = PBXFileReference; lastKnownFileType = file.storyboard; name = Base; path = Base.lproj/Main.storyboard; sourceTree = "<group>"; };
		C26646D51A7843B0008B396C /* Base */ = {isa = PBXFileReference; lastKnownFileType = file.xib; name = Base; path = Base.lproj/LaunchScreen.xib; sourceTree = "<group>"; };
		C26646DB1A7843B0008B396C /* HalpTests.xctest */ = {isa = PBXFileReference; explicitFileType = wrapper.cfbundle; includeInIndex = 0; path = HalpTests.xctest; sourceTree = BUILT_PRODUCTS_DIR; };
		C26646E01A7843B0008B396C /* Info.plist */ = {isa = PBXFileReference; lastKnownFileType = text.plist.xml; path = Info.plist; sourceTree = "<group>"; };
		C26646E11A7843B0008B396C /* HalpTests.swift */ = {isa = PBXFileReference; lastKnownFileType = sourcecode.swift; path = HalpTests.swift; sourceTree = "<group>"; };
		C26646EB1A78452E008B396C /* facebook-login.png */ = {isa = PBXFileReference; lastKnownFileType = image.png; path = "facebook-login.png"; sourceTree = "<group>"; };
		C26646ED1A784576008B396C /* Red-signin_Long_base_44dp.png */ = {isa = PBXFileReference; lastKnownFileType = image.png; path = "Red-signin_Long_base_44dp.png"; sourceTree = "<group>"; };
		C26646EF1A7849CA008B396C /* createController.swift */ = {isa = PBXFileReference; fileEncoding = 4; lastKnownFileType = sourcecode.swift; path = createController.swift; sourceTree = "<group>"; };
		C278E36B1A79E0C20006BCBD /* Halp-Bridging-Header.h */ = {isa = PBXFileReference; lastKnownFileType = sourcecode.c.h; path = "Halp-Bridging-Header.h"; sourceTree = "<group>"; };
		C278E36E1A79E51B0006BCBD /* MapKit.framework */ = {isa = PBXFileReference; lastKnownFileType = wrapper.framework; name = MapKit.framework; path = System/Library/Frameworks/MapKit.framework; sourceTree = SDKROOT; };
		C278E3751A79EFB90006BCBD /* location-alt-512.png */ = {isa = PBXFileReference; lastKnownFileType = image.png; path = "location-alt-512.png"; sourceTree = "<group>"; };
		C278E3771A79F04B0006BCBD /* student.png */ = {isa = PBXFileReference; lastKnownFileType = image.png; path = student.png; sourceTree = "<group>"; };
		C278E37D1A79F9AE0006BCBD /* timeline-list-grid-list-icon.png */ = {isa = PBXFileReference; lastKnownFileType = image.png; path = "timeline-list-grid-list-icon.png"; sourceTree = "<group>"; };
		C278E3811A79FE170006BCBD /* TutorList.swift */ = {isa = PBXFileReference; fileEncoding = 4; lastKnownFileType = sourcecode.swift; path = TutorList.swift; sourceTree = "<group>"; };
		C2B8E0051A79D5970093C03B /* SwiftyJSON.swift */ = {isa = PBXFileReference; fileEncoding = 4; lastKnownFileType = sourcecode.swift; path = SwiftyJSON.swift; sourceTree = "<group>"; };
		C2C298901A8041BD0010C475 /* tutorProfile.swift */ = {isa = PBXFileReference; fileEncoding = 4; lastKnownFileType = sourcecode.swift; path = tutorProfile.swift; sourceTree = "<group>"; };
		C2C298921A80455B0010C475 /* chatController.swift */ = {isa = PBXFileReference; fileEncoding = 4; lastKnownFileType = sourcecode.swift; path = chatController.swift; sourceTree = "<group>"; };
		C2C298961A8046A70010C475 /* LGSimpleChat.swift */ = {isa = PBXFileReference; fileEncoding = 4; lastKnownFileType = sourcecode.swift; path = LGSimpleChat.swift; sourceTree = "<group>"; };
		C2C298981A805A490010C475 /* bump.png */ = {isa = PBXFileReference; lastKnownFileType = image.png; path = bump.png; sourceTree = "<group>"; };
		C2C2989A1A805CD20010C475 /* SessionCounterController.swift */ = {isa = PBXFileReference; fileEncoding = 4; lastKnownFileType = sourcecode.swift; path = SessionCounterController.swift; sourceTree = "<group>"; };
		C2C2989C1A8197FF0010C475 /* SlideMenuController.swift */ = {isa = PBXFileReference; fileEncoding = 4; lastKnownFileType = sourcecode.swift; path = SlideMenuController.swift; sourceTree = "<group>"; };
		C2C2989E1A8199CE0010C475 /* LeftViewController.swift */ = {isa = PBXFileReference; fileEncoding = 4; lastKnownFileType = sourcecode.swift; path = LeftViewController.swift; sourceTree = "<group>"; };
		C2C298A01A819A190010C475 /* BaseTableViewCell.swift */ = {isa = PBXFileReference; fileEncoding = 4; lastKnownFileType = sourcecode.swift; path = BaseTableViewCell.swift; sourceTree = "<group>"; };
		C2C298A21A819CC80010C475 /* UITableViewExtension.swift */ = {isa = PBXFileReference; fileEncoding = 4; lastKnownFileType = sourcecode.swift; path = UITableViewExtension.swift; sourceTree = "<group>"; };
		C2C298A31A819CC80010C475 /* UIViewControllerExtension.swift */ = {isa = PBXFileReference; fileEncoding = 4; lastKnownFileType = sourcecode.swift; path = UIViewControllerExtension.swift; sourceTree = "<group>"; };
		C2C298A71A819CED0010C475 /* StringExtension.swift */ = {isa = PBXFileReference; fileEncoding = 4; lastKnownFileType = sourcecode.swift; path = StringExtension.swift; sourceTree = "<group>"; };
		C2C298A91A81A4520010C475 /* optionRow.swift */ = {isa = PBXFileReference; fileEncoding = 4; lastKnownFileType = sourcecode.swift; path = optionRow.swift; sourceTree = "<group>"; };
		C2C298AB1A81A7320010C475 /* logout.png */ = {isa = PBXFileReference; lastKnownFileType = image.png; path = logout.png; sourceTree = "<group>"; };
		C2C298AD1A81A9390010C475 /* cog.png */ = {isa = PBXFileReference; lastKnownFileType = image.png; path = cog.png; sourceTree = "<group>"; };
		C2C298AF1A81A97F0010C475 /* power-off2-hi.png */ = {isa = PBXFileReference; lastKnownFileType = image.png; path = "power-off2-hi.png"; sourceTree = "<group>"; };
/* End PBXFileReference section */

/* Begin PBXFrameworksBuildPhase section */
		C26646C31A7843B0008B396C /* Frameworks */ = {
			isa = PBXFrameworksBuildPhase;
			buildActionMask = 2147483647;
			files = (
				C278E36F1A79E51B0006BCBD /* MapKit.framework in Frameworks */,
				C24391CC1A7C425000A3AC58 /* FacebookSDK.framework in Frameworks */,
			);
			runOnlyForDeploymentPostprocessing = 0;
		};
		C26646D81A7843B0008B396C /* Frameworks */ = {
			isa = PBXFrameworksBuildPhase;
			buildActionMask = 2147483647;
			files = (
			);
			runOnlyForDeploymentPostprocessing = 0;
		};
/* End PBXFrameworksBuildPhase section */

/* Begin PBXGroup section */
		C24392181A802AA000A3AC58 /* Images */ = {
			isa = PBXGroup;
			children = (
				C2C298AF1A81A97F0010C475 /* power-off2-hi.png */,
				C2C298AD1A81A9390010C475 /* cog.png */,
				C2C298AB1A81A7320010C475 /* logout.png */,
				C243921D1A802C7300A3AC58 /* StarFull@2x.png */,
				C2C298981A805A490010C475 /* bump.png */,
				C243921B1A802C6800A3AC58 /* StarEmpty@2x.png */,
				C26646EB1A78452E008B396C /* facebook-login.png */,
				C26646ED1A784576008B396C /* Red-signin_Long_base_44dp.png */,
				C243920E1A7F3A3100A3AC58 /* tutor.jpeg */,
				C278E37D1A79F9AE0006BCBD /* timeline-list-grid-list-icon.png */,
				C278E3751A79EFB90006BCBD /* location-alt-512.png */,
				C278E3771A79F04B0006BCBD /* student.png */,
			);
			name = Images;
			sourceTree = "<group>";
		};
		C26646BD1A7843B0008B396C = {
			isa = PBXGroup;
			children = (
				C278E36E1A79E51B0006BCBD /* MapKit.framework */,
				C26646C81A7843B0008B396C /* Halp */,
				C26646DE1A7843B0008B396C /* HalpTests */,
				C26646C71A7843B0008B396C /* Products */,
				C278E36B1A79E0C20006BCBD /* Halp-Bridging-Header.h */,
			);
			sourceTree = "<group>";
		};
		C26646C71A7843B0008B396C /* Products */ = {
			isa = PBXGroup;
			children = (
				C26646C61A7843B0008B396C /* Halp.app */,
				C26646DB1A7843B0008B396C /* HalpTests.xctest */,
			);
			name = Products;
			sourceTree = "<group>";
		};
		C26646C81A7843B0008B396C /* Halp */ = {
			isa = PBXGroup;
			children = (
				C24391CB1A7C425000A3AC58 /* FacebookSDK.framework */,
				C24391FC1A7E2C7900A3AC58 /* Lobster 1.4.otf */,
				C24391CD1A7D79B800A3AC58 /* FBHelper.swift */,
				C2C2989C1A8197FF0010C475 /* SlideMenuController.swift */,
				C2C298961A8046A70010C475 /* LGSimpleChat.swift */,
				C24392191A802B5E00A3AC58 /* FloatRatingView.swift */,
				C2B8E0051A79D5970093C03B /* SwiftyJSON.swift */,
				C26646CF1A7843B0008B396C /* Main.storyboard */,
				C2C298A91A81A4520010C475 /* optionRow.swift */,
				C2C2989A1A805CD20010C475 /* SessionCounterController.swift */,
				C26646CB1A7843B0008B396C /* AppDelegate.swift */,
				C26646CD1A7843B0008B396C /* ViewController.swift */,
				C24391E31A7D816800A3AC58 /* MapController.swift */,
				C24391FA1A7DE3FB00A3AC58 /* SessionDetialController.swift */,
				C2C298921A80455B0010C475 /* chatController.swift */,
				C278E3811A79FE170006BCBD /* TutorList.swift */,
				C2C298A01A819A190010C475 /* BaseTableViewCell.swift */,
				C2C2989E1A8199CE0010C475 /* LeftViewController.swift */,
				C24391FE1A7EC6CA00A3AC58 /* tutorRow.swift */,
				C24392101A7F430D00A3AC58 /* TutorDetails.swift */,
				C2C298901A8041BD0010C475 /* tutorProfile.swift */,
				C24392121A7F485D00A3AC58 /* reviewList.swift */,
				C24392141A7F516100A3AC58 /* reviewRow.swift */,
				C26646EF1A7849CA008B396C /* createController.swift */,
				C2C298A61A819CD30010C475 /* Extensions */,
				C24392161A802A1900A3AC58 /* Images.xcassets */,
				C24392181A802AA000A3AC58 /* Images */,
				C26646D41A7843B0008B396C /* LaunchScreen.xib */,
				C26646C91A7843B0008B396C /* Supporting Files */,
			);
			path = Halp;
			sourceTree = "<group>";
		};
		C26646C91A7843B0008B396C /* Supporting Files */ = {
			isa = PBXGroup;
			children = (
				C26646CA1A7843B0008B396C /* Info.plist */,
			);
			name = "Supporting Files";
			sourceTree = "<group>";
		};
		C26646DE1A7843B0008B396C /* HalpTests */ = {
			isa = PBXGroup;
			children = (
				C26646E11A7843B0008B396C /* HalpTests.swift */,
				C26646DF1A7843B0008B396C /* Supporting Files */,
			);
			path = HalpTests;
			sourceTree = "<group>";
		};
		C26646DF1A7843B0008B396C /* Supporting Files */ = {
			isa = PBXGroup;
			children = (
				C26646E01A7843B0008B396C /* Info.plist */,
			);
			name = "Supporting Files";
			sourceTree = "<group>";
		};
		C2C298A61A819CD30010C475 /* Extensions */ = {
			isa = PBXGroup;
			children = (
				C2C298A21A819CC80010C475 /* UITableViewExtension.swift */,
				C2C298A71A819CED0010C475 /* StringExtension.swift */,
				C2C298A31A819CC80010C475 /* UIViewControllerExtension.swift */,
			);
			name = Extensions;
			sourceTree = "<group>";
		};
/* End PBXGroup section */

/* Begin PBXNativeTarget section */
		C26646C51A7843B0008B396C /* Halp */ = {
			isa = PBXNativeTarget;
			buildConfigurationList = C26646E51A7843B0008B396C /* Build configuration list for PBXNativeTarget "Halp" */;
			buildPhases = (
				C26646C21A7843B0008B396C /* Sources */,
				C26646C31A7843B0008B396C /* Frameworks */,
				C26646C41A7843B0008B396C /* Resources */,
			);
			buildRules = (
			);
			dependencies = (
			);
			name = Halp;
			productName = Halp;
			productReference = C26646C61A7843B0008B396C /* Halp.app */;
			productType = "com.apple.product-type.application";
		};
		C26646DA1A7843B0008B396C /* HalpTests */ = {
			isa = PBXNativeTarget;
			buildConfigurationList = C26646E81A7843B0008B396C /* Build configuration list for PBXNativeTarget "HalpTests" */;
			buildPhases = (
				C26646D71A7843B0008B396C /* Sources */,
				C26646D81A7843B0008B396C /* Frameworks */,
				C26646D91A7843B0008B396C /* Resources */,
			);
			buildRules = (
			);
			dependencies = (
				C26646DD1A7843B0008B396C /* PBXTargetDependency */,
			);
			name = HalpTests;
			productName = HalpTests;
			productReference = C26646DB1A7843B0008B396C /* HalpTests.xctest */;
			productType = "com.apple.product-type.bundle.unit-test";
		};
/* End PBXNativeTarget section */

/* Begin PBXProject section */
		C26646BE1A7843B0008B396C /* Project object */ = {
			isa = PBXProject;
			attributes = {
				LastUpgradeCheck = 0610;
				ORGANIZATIONNAME = "Andrew Lisowski";
				TargetAttributes = {
					C26646C51A7843B0008B396C = {
						CreatedOnToolsVersion = 6.1.1;
					};
					C26646DA1A7843B0008B396C = {
						CreatedOnToolsVersion = 6.1.1;
						TestTargetID = C26646C51A7843B0008B396C;
					};
				};
			};
			buildConfigurationList = C26646C11A7843B0008B396C /* Build configuration list for PBXProject "Halp" */;
			compatibilityVersion = "Xcode 3.2";
			developmentRegion = English;
			hasScannedForEncodings = 0;
			knownRegions = (
				en,
				Base,
			);
			mainGroup = C26646BD1A7843B0008B396C;
			productRefGroup = C26646C71A7843B0008B396C /* Products */;
			projectDirPath = "";
			projectRoot = "";
			targets = (
				C26646C51A7843B0008B396C /* Halp */,
				C26646DA1A7843B0008B396C /* HalpTests */,
			);
		};
/* End PBXProject section */

/* Begin PBXResourcesBuildPhase section */
		C26646C41A7843B0008B396C /* Resources */ = {
			isa = PBXResourcesBuildPhase;
			buildActionMask = 2147483647;
			files = (
				C2C298AE1A81A9390010C475 /* cog.png in Resources */,
				C26646D11A7843B0008B396C /* Main.storyboard in Resources */,
				C2C298991A805A490010C475 /* bump.png in Resources */,
				C243921E1A802C7300A3AC58 /* StarFull@2x.png in Resources */,
				C26646EC1A78452E008B396C /* facebook-login.png in Resources */,
				C278E37E1A79F9AF0006BCBD /* timeline-list-grid-list-icon.png in Resources */,
				C26646EE1A784576008B396C /* Red-signin_Long_base_44dp.png in Resources */,
				C24391FD1A7E2C7900A3AC58 /* Lobster 1.4.otf in Resources */,
				C243921C1A802C6800A3AC58 /* StarEmpty@2x.png in Resources */,
				C2C298B01A81A97F0010C475 /* power-off2-hi.png in Resources */,
				C26646D61A7843B0008B396C /* LaunchScreen.xib in Resources */,
				C278E3761A79EFB90006BCBD /* location-alt-512.png in Resources */,
				C24392171A802A1900A3AC58 /* Images.xcassets in Resources */,
				C2C298AC1A81A7320010C475 /* logout.png in Resources */,
				C243920F1A7F3A3100A3AC58 /* tutor.jpeg in Resources */,
				C278E3781A79F04B0006BCBD /* student.png in Resources */,
			);
			runOnlyForDeploymentPostprocessing = 0;
		};
		C26646D91A7843B0008B396C /* Resources */ = {
			isa = PBXResourcesBuildPhase;
			buildActionMask = 2147483647;
			files = (
			);
			runOnlyForDeploymentPostprocessing = 0;
		};
/* End PBXResourcesBuildPhase section */

/* Begin PBXSourcesBuildPhase section */
		C26646C21A7843B0008B396C /* Sources */ = {
			isa = PBXSourcesBuildPhase;
			buildActionMask = 2147483647;
			files = (
				C24392131A7F485D00A3AC58 /* reviewList.swift in Sources */,
				C243921A1A802B5E00A3AC58 /* FloatRatingView.swift in Sources */,
				C2C2989B1A805CD20010C475 /* SessionCounterController.swift in Sources */,
				C2C298AA1A81A4520010C475 /* optionRow.swift in Sources */,
				C26646CE1A7843B0008B396C /* ViewController.swift in Sources */,
				C2C2989D1A8197FF0010C475 /* SlideMenuController.swift in Sources */,
				C24392111A7F430D00A3AC58 /* TutorDetails.swift in Sources */,
				C2C298A41A819CC80010C475 /* UITableViewExtension.swift in Sources */,
				C24391E41A7D816800A3AC58 /* MapController.swift in Sources */,
				C24391CE1A7D79B800A3AC58 /* FBHelper.swift in Sources */,
				C2C298A11A819A190010C475 /* BaseTableViewCell.swift in Sources */,
				C24392151A7F516100A3AC58 /* reviewRow.swift in Sources */,
				C24391FB1A7DE3FB00A3AC58 /* SessionDetialController.swift in Sources */,
				C2C298931A80455B0010C475 /* chatController.swift in Sources */,
				C2C298911A8041BD0010C475 /* tutorProfile.swift in Sources */,
				C2C298971A8046A70010C475 /* LGSimpleChat.swift in Sources */,
				C24391FF1A7EC6CA00A3AC58 /* tutorRow.swift in Sources */,
				C26646CC1A7843B0008B396C /* AppDelegate.swift in Sources */,
				C26646F01A7849CA008B396C /* createController.swift in Sources */,
				C278E3821A79FE170006BCBD /* TutorList.swift in Sources */,
				C2B8E0061A79D5970093C03B /* SwiftyJSON.swift in Sources */,
				C2C298A51A819CC80010C475 /* UIViewControllerExtension.swift in Sources */,
				C2C298A81A819CED0010C475 /* StringExtension.swift in Sources */,
				C2C2989F1A8199CE0010C475 /* LeftViewController.swift in Sources */,
			);
			runOnlyForDeploymentPostprocessing = 0;
		};
		C26646D71A7843B0008B396C /* Sources */ = {
			isa = PBXSourcesBuildPhase;
			buildActionMask = 2147483647;
			files = (
				C26646E21A7843B0008B396C /* HalpTests.swift in Sources */,
			);
			runOnlyForDeploymentPostprocessing = 0;
		};
/* End PBXSourcesBuildPhase section */

/* Begin PBXTargetDependency section */
		C26646DD1A7843B0008B396C /* PBXTargetDependency */ = {
			isa = PBXTargetDependency;
			target = C26646C51A7843B0008B396C /* Halp */;
			targetProxy = C26646DC1A7843B0008B396C /* PBXContainerItemProxy */;
		};
/* End PBXTargetDependency section */

/* Begin PBXVariantGroup section */
		C26646CF1A7843B0008B396C /* Main.storyboard */ = {
			isa = PBXVariantGroup;
			children = (
				C26646D01A7843B0008B396C /* Base */,
			);
			name = Main.storyboard;
			sourceTree = "<group>";
		};
		C26646D41A7843B0008B396C /* LaunchScreen.xib */ = {
			isa = PBXVariantGroup;
			children = (
				C26646D51A7843B0008B396C /* Base */,
			);
			name = LaunchScreen.xib;
			sourceTree = "<group>";
		};
/* End PBXVariantGroup section */

/* Begin XCBuildConfiguration section */
		C26646E31A7843B0008B396C /* Debug */ = {
			isa = XCBuildConfiguration;
			buildSettings = {
				ALWAYS_SEARCH_USER_PATHS = NO;
				CLANG_CXX_LANGUAGE_STANDARD = "gnu++0x";
				CLANG_CXX_LIBRARY = "libc++";
				CLANG_ENABLE_MODULES = YES;
				CLANG_ENABLE_OBJC_ARC = YES;
				CLANG_WARN_BOOL_CONVERSION = YES;
				CLANG_WARN_CONSTANT_CONVERSION = YES;
				CLANG_WARN_DIRECT_OBJC_ISA_USAGE = YES_ERROR;
				CLANG_WARN_EMPTY_BODY = YES;
				CLANG_WARN_ENUM_CONVERSION = YES;
				CLANG_WARN_INT_CONVERSION = YES;
				CLANG_WARN_OBJC_ROOT_CLASS = YES_ERROR;
				CLANG_WARN_UNREACHABLE_CODE = YES;
				CLANG_WARN__DUPLICATE_METHOD_MATCH = YES;
				"CODE_SIGN_IDENTITY[sdk=iphoneos*]" = "iPhone Developer";
				COPY_PHASE_STRIP = NO;
				ENABLE_STRICT_OBJC_MSGSEND = YES;
				GCC_C_LANGUAGE_STANDARD = gnu99;
				GCC_DYNAMIC_NO_PIC = NO;
				GCC_OPTIMIZATION_LEVEL = 0;
				GCC_PREPROCESSOR_DEFINITIONS = (
					"DEBUG=1",
					"$(inherited)",
				);
				GCC_SYMBOLS_PRIVATE_EXTERN = NO;
				GCC_WARN_64_TO_32_BIT_CONVERSION = YES;
				GCC_WARN_ABOUT_RETURN_TYPE = YES_ERROR;
				GCC_WARN_UNDECLARED_SELECTOR = YES;
				GCC_WARN_UNINITIALIZED_AUTOS = YES_AGGRESSIVE;
				GCC_WARN_UNUSED_FUNCTION = YES;
				GCC_WARN_UNUSED_VARIABLE = YES;
				IPHONEOS_DEPLOYMENT_TARGET = 8.1;
				MTL_ENABLE_DEBUG_INFO = YES;
				ONLY_ACTIVE_ARCH = YES;
				SDKROOT = iphoneos;
				SWIFT_OPTIMIZATION_LEVEL = "-Onone";
			};
			name = Debug;
		};
		C26646E41A7843B0008B396C /* Release */ = {
			isa = XCBuildConfiguration;
			buildSettings = {
				ALWAYS_SEARCH_USER_PATHS = NO;
				CLANG_CXX_LANGUAGE_STANDARD = "gnu++0x";
				CLANG_CXX_LIBRARY = "libc++";
				CLANG_ENABLE_MODULES = YES;
				CLANG_ENABLE_OBJC_ARC = YES;
				CLANG_WARN_BOOL_CONVERSION = YES;
				CLANG_WARN_CONSTANT_CONVERSION = YES;
				CLANG_WARN_DIRECT_OBJC_ISA_USAGE = YES_ERROR;
				CLANG_WARN_EMPTY_BODY = YES;
				CLANG_WARN_ENUM_CONVERSION = YES;
				CLANG_WARN_INT_CONVERSION = YES;
				CLANG_WARN_OBJC_ROOT_CLASS = YES_ERROR;
				CLANG_WARN_UNREACHABLE_CODE = YES;
				CLANG_WARN__DUPLICATE_METHOD_MATCH = YES;
				"CODE_SIGN_IDENTITY[sdk=iphoneos*]" = "iPhone Developer";
				COPY_PHASE_STRIP = YES;
				ENABLE_NS_ASSERTIONS = NO;
				ENABLE_STRICT_OBJC_MSGSEND = YES;
				GCC_C_LANGUAGE_STANDARD = gnu99;
				GCC_WARN_64_TO_32_BIT_CONVERSION = YES;
				GCC_WARN_ABOUT_RETURN_TYPE = YES_ERROR;
				GCC_WARN_UNDECLARED_SELECTOR = YES;
				GCC_WARN_UNINITIALIZED_AUTOS = YES_AGGRESSIVE;
				GCC_WARN_UNUSED_FUNCTION = YES;
				GCC_WARN_UNUSED_VARIABLE = YES;
				IPHONEOS_DEPLOYMENT_TARGET = 8.1;
				MTL_ENABLE_DEBUG_INFO = NO;
				SDKROOT = iphoneos;
				VALIDATE_PRODUCT = YES;
			};
			name = Release;
		};
		C26646E61A7843B0008B396C /* Debug */ = {
			isa = XCBuildConfiguration;
			buildSettings = {
				ASSETCATALOG_COMPILER_APPICON_NAME = AppIcon;
				CLANG_ENABLE_MODULES = YES;
				FRAMEWORK_SEARCH_PATHS = (
					"$(inherited)",
					"$(PROJECT_DIR)/Halp",
				);
				INFOPLIST_FILE = Halp/Info.plist;
				LD_RUNPATH_SEARCH_PATHS = "$(inherited) @executable_path/Frameworks";
				PRODUCT_NAME = "$(TARGET_NAME)";
				SWIFT_OBJC_BRIDGING_HEADER = "Halp-Bridging-Header.h";
				SWIFT_OPTIMIZATION_LEVEL = "-Onone";
			};
			name = Debug;
		};
		C26646E71A7843B0008B396C /* Release */ = {
			isa = XCBuildConfiguration;
			buildSettings = {
				ASSETCATALOG_COMPILER_APPICON_NAME = AppIcon;
				CLANG_ENABLE_MODULES = YES;
				FRAMEWORK_SEARCH_PATHS = (
					"$(inherited)",
					"$(PROJECT_DIR)/Halp",
				);
				INFOPLIST_FILE = Halp/Info.plist;
				LD_RUNPATH_SEARCH_PATHS = "$(inherited) @executable_path/Frameworks";
				PRODUCT_NAME = "$(TARGET_NAME)";
				SWIFT_OBJC_BRIDGING_HEADER = "Halp-Bridging-Header.h";
			};
			name = Release;
		};
		C26646E91A7843B0008B396C /* Debug */ = {
			isa = XCBuildConfiguration;
			buildSettings = {
				BUNDLE_LOADER = "$(TEST_HOST)";
				FRAMEWORK_SEARCH_PATHS = (
					"$(SDKROOT)/Developer/Library/Frameworks",
					"$(inherited)",
				);
				GCC_PREPROCESSOR_DEFINITIONS = (
					"DEBUG=1",
					"$(inherited)",
				);
				INFOPLIST_FILE = HalpTests/Info.plist;
				LD_RUNPATH_SEARCH_PATHS = "$(inherited) @executable_path/Frameworks @loader_path/Frameworks";
				PRODUCT_NAME = "$(TARGET_NAME)";
				TEST_HOST = "$(BUILT_PRODUCTS_DIR)/Halp.app/Halp";
			};
			name = Debug;
		};
		C26646EA1A7843B0008B396C /* Release */ = {
			isa = XCBuildConfiguration;
			buildSettings = {
				BUNDLE_LOADER = "$(TEST_HOST)";
				FRAMEWORK_SEARCH_PATHS = (
					"$(SDKROOT)/Developer/Library/Frameworks",
					"$(inherited)",
				);
				INFOPLIST_FILE = HalpTests/Info.plist;
				LD_RUNPATH_SEARCH_PATHS = "$(inherited) @executable_path/Frameworks @loader_path/Frameworks";
				PRODUCT_NAME = "$(TARGET_NAME)";
				TEST_HOST = "$(BUILT_PRODUCTS_DIR)/Halp.app/Halp";
			};
			name = Release;
		};
/* End XCBuildConfiguration section */

/* Begin XCConfigurationList section */
		C26646C11A7843B0008B396C /* Build configuration list for PBXProject "Halp" */ = {
			isa = XCConfigurationList;
			buildConfigurations = (
				C26646E31A7843B0008B396C /* Debug */,
				C26646E41A7843B0008B396C /* Release */,
			);
			defaultConfigurationIsVisible = 0;
			defaultConfigurationName = Release;
		};
		C26646E51A7843B0008B396C /* Build configuration list for PBXNativeTarget "Halp" */ = {
			isa = XCConfigurationList;
			buildConfigurations = (
				C26646E61A7843B0008B396C /* Debug */,
				C26646E71A7843B0008B396C /* Release */,
			);
			defaultConfigurationIsVisible = 0;
			defaultConfigurationName = Release;
		};
		C26646E81A7843B0008B396C /* Build configuration list for PBXNativeTarget "HalpTests" */ = {
			isa = XCConfigurationList;
			buildConfigurations = (
				C26646E91A7843B0008B396C /* Debug */,
				C26646EA1A7843B0008B396C /* Release */,
			);
			defaultConfigurationIsVisible = 0;
			defaultConfigurationName = Release;
		};
/* End XCConfigurationList section */
	};
	rootObject = C26646BE1A7843B0008B396C /* Project object */;
}
